
Microsoft Visual Studio Solution File, Format Version 12.00
# Visual Studio 15
Project("{FAE04EC0-301F-11D3-BF4B-00C04F79EFBC}") = "UnityEngine.TestRunner", "UnityEngine.TestRunner.csproj", "{417BA59F-4F36-C014-8AE9-8E8329932FA7}"
EndProject
Project("{FAE04EC0-301F-11D3-BF4B-00C04F79EFBC}") = "Unity.Mathematics", "Unity.Mathematics.csproj", "{09C6FBFF-B872-26BE-F544-4F4E758B4C92}"
EndProject
Project("{FAE04EC0-301F-11D3-BF4B-00C04F79EFBC}") = "Unity.2D.Animation.Triangle.Runtime", "Unity.2D.Animation.Triangle.Runtime.csproj", "{547C521A-72DB-C215-690F-996429B350F5}"
EndProject
Project("{FAE04EC0-301F-11D3-BF4B-00C04F79EFBC}") = "Unity.Timeline", "Unity.Timeline.csproj", "{27B8FE8F-2760-7823-8465-19A563A27A94}"
EndProject
Project("{FAE04EC0-301F-11D3-BF4B-00C04F79EFBC}") = "UnityEngine.UI", "UnityEngine.UI.csproj", "{9DFFF5AA-E37B-F9D3-EFBB-74B0AE358502}"
EndProject
Project("{FAE04EC0-301F-11D3-BF4B-00C04F79EFBC}") = "Cinemachine", "Cinemachine.csproj", "{D1B8793F-645F-9A7B-CEB6-E22C8BFB0F26}"
EndProject
Project("{FAE04EC0-301F-11D3-BF4B-00C04F79EFBC}") = "Unity.TextMeshPro", "Unity.TextMeshPro.csproj", "{80E15F12-D8FB-23F7-DDAA-3485CF57C186}"
EndProject
Project("{FAE04EC0-301F-11D3-BF4B-00C04F79EFBC}") = "Unity.2D.Animation.Runtime", "Unity.2D.Animation.Runtime.csproj", "{21E14A4A-6C56-3092-F15D-57FE7C1B07AE}"
EndProject
Project("{FAE04EC0-301F-11D3-BF4B-00C04F79EFBC}") = "Unity.2D.IK.Runtime", "Unity.2D.IK.Runtime.csproj", "{1678F164-1A93-AD2C-E05D-EBF23C4D5559}"
EndProject
Project("{FAE04EC0-301F-11D3-BF4B-00C04F79EFBC}") = "Unity.2D.SpriteShape.Runtime", "Unity.2D.SpriteShape.Runtime.csproj", "{20CB4A3C-FC82-BD93-818A-06D2F002CACF}"
EndProject
Project("{FAE04EC0-301F-11D3-BF4B-00C04F79EFBC}") = "Unity.2D.PixelPerfect", "Unity.2D.PixelPerfect.csproj", "{12E2A086-7C13-BC5F-DE5A-248F24B03BC4}"
EndProject
Project("{FAE04EC0-301F-11D3-BF4B-00C04F79EFBC}") = "Assembly-CSharp", "Assembly-CSharp.csproj", "{E708CA96-1DAA-8B84-9297-EC9E839E4631}"
EndProject
Project("{FAE04EC0-301F-11D3-BF4B-00C04F79EFBC}") = "Unity.2D.Common.Runtime", "Unity.2D.Common.Runtime.csproj", "{1B720FF6-6FBD-0BEB-2B8F-79B1CBC89EFD}"
EndProject
Project("{FAE04EC0-301F-11D3-BF4B-00C04F79EFBC}") = "Unity.InternalAPIEngineBridge.001", "Unity.InternalAPIEngineBridge.001.csproj", "{7BCC6B42-4A3C-BDB4-3393-5997B0555293}"
EndProject
Project("{FAE04EC0-301F-11D3-BF4B-00C04F79EFBC}") = "UnityEditor.TestRunner", "UnityEditor.TestRunner.csproj", "{1C52E339-2EDA-F5FB-C9C4-7147219531B2}"
EndProject
Project("{FAE04EC0-301F-11D3-BF4B-00C04F79EFBC}") = "UnityEditor.UI", "UnityEditor.UI.csproj", "{26D70481-80F1-E354-6AAA-D5F6A60F499D}"
EndProject
Project("{FAE04EC0-301F-11D3-BF4B-00C04F79EFBC}") = "Unity.Timeline.Editor", "Unity.Timeline.Editor.csproj", "{8A969BAA-6158-BA1A-E95D-4F6A390A2D1A}"
EndProject
Project("{FAE04EC0-301F-11D3-BF4B-00C04F79EFBC}") = "Unity.VisualStudio.Editor", "Unity.VisualStudio.Editor.csproj", "{390528F9-A4F3-3801-8C22-15C7AE34C441}"
EndProject
Project("{FAE04EC0-301F-11D3-BF4B-00C04F79EFBC}") = "com.unity.cinemachine.editor", "com.unity.cinemachine.editor.csproj", "{4B979923-6218-F2EA-9711-BC20D38800C0}"
EndProject
Project("{FAE04EC0-301F-11D3-BF4B-00C04F79EFBC}") = "Unity.2D.Psdimporter.Editor", "Unity.2D.Psdimporter.Editor.csproj", "{043FE1EC-F2FC-53A4-EE70-49842B2B40F8}"
EndProject
Project("{FAE04EC0-301F-11D3-BF4B-00C04F79EFBC}") = "Unity.2D.Animation.Editor", "Unity.2D.Animation.Editor.csproj", "{2D029E8C-5530-FD72-27A4-54D4880F4940}"
EndProject
Project("{FAE04EC0-301F-11D3-BF4B-00C04F79EFBC}") = "Unity.TextMeshPro.Editor", "Unity.TextMeshPro.Editor.csproj", "{45570EA1-4AF9-38E0-AE6A-F603FB7422E1}"
EndProject
Project("{FAE04EC0-301F-11D3-BF4B-00C04F79EFBC}") = "Unity.2D.SpriteShape.Editor", "Unity.2D.SpriteShape.Editor.csproj", "{43FB8172-D73B-DBEF-9D39-F08483B6D994}"
EndProject
Project("{FAE04EC0-301F-11D3-BF4B-00C04F79EFBC}") = "Unity.CollabProxy.Editor", "Unity.CollabProxy.Editor.csproj", "{EB69BC31-4F93-BBD1-72DC-4C145330AE6B}"
EndProject
Project("{FAE04EC0-301F-11D3-BF4B-00C04F79EFBC}") = "PsdPlugin", "PsdPlugin.csproj", "{A8BEABA5-A11C-81C6-CD9C-77DEBAC760A3}"
EndProject
Project("{FAE04EC0-301F-11D3-BF4B-00C04F79EFBC}") = "Unity.2D.Path.Editor", "Unity.2D.Path.Editor.csproj", "{8ED64603-6B41-92D5-D4BF-034369AEEDF0}"
EndProject
Project("{FAE04EC0-301F-11D3-BF4B-00C04F79EFBC}") = "Unity.Rider.Editor", "Unity.Rider.Editor.csproj", "{64560D0F-0D3C-89EC-A2DF-A929CE5C5367}"
EndProject
Project("{FAE04EC0-301F-11D3-BF4B-00C04F79EFBC}") = "Unity.2D.IK.Editor", "Unity.2D.IK.Editor.csproj", "{2559DD71-25A5-A449-9D85-0F9A57D513FB}"
EndProject
Project("{FAE04EC0-301F-11D3-BF4B-00C04F79EFBC}") = "Unity.SysrootPackage.Editor", "Unity.SysrootPackage.Editor.csproj", "{A9191A13-DFDC-2002-3E20-3C272C727B25}"
EndProject
Project("{FAE04EC0-301F-11D3-BF4B-00C04F79EFBC}") = "Unity.2D.Sprite.Editor", "Unity.2D.Sprite.Editor.csproj", "{CDCA902F-428F-ACEE-908F-C49B7AC02EC9}"
EndProject
Project("{FAE04EC0-301F-11D3-BF4B-00C04F79EFBC}") = "Unity.2D.Tilemap.Editor", "Unity.2D.Tilemap.Editor.csproj", "{146AA9D2-3191-40CC-0FFE-96C6183C4146}"
EndProject
Project("{FAE04EC0-301F-11D3-BF4B-00C04F79EFBC}") = "Unity.2D.PixelPerfect.Editor", "Unity.2D.PixelPerfect.Editor.csproj", "{E90953A8-969C-66FE-B8AE-18006331769D}"
EndProject
Project("{FAE04EC0-301F-11D3-BF4B-00C04F79EFBC}") = "Unity.VSCode.Editor", "Unity.VSCode.Editor.csproj", "{D9591AFF-BFB5-216C-15A6-90B81E42CC81}"
EndProject
Project("{FAE04EC0-301F-11D3-BF4B-00C04F79EFBC}") = "Unity.Toolchain.Win-x86_64-Linux-x86_64", "Unity.Toolchain.Win-x86_64-Linux-x86_64.csproj", "{8F9E95BF-FD58-50EB-C6C3-70773E0EF854}"
EndProject
Project("{FAE04EC0-301F-11D3-BF4B-00C04F79EFBC}") = "Unity.2D.Common.Editor", "Unity.2D.Common.Editor.csproj", "{55394319-B0E4-3343-E5E3-EE437F5649BF}"
EndProject
Project("{FAE04EC0-301F-11D3-BF4B-00C04F79EFBC}") = "Unity.Mathematics.Editor", "Unity.Mathematics.Editor.csproj", "{EA403D8B-276D-24EF-CAAC-49C4EB985FE5}"
EndProject
Project("{FAE04EC0-301F-11D3-BF4B-00C04F79EFBC}") = "Unity.InternalAPIEditorBridge.001", "Unity.InternalAPIEditorBridge.001.csproj", "{3266EB66-5575-CE77-1FEB-AD85591B3D8F}"
EndProject
Project("{FAE04EC0-301F-11D3-BF4B-00C04F79EFBC}") = "Unity.Sysroot.Linux_x86_64", "Unity.Sysroot.Linux_x86_64.csproj", "{F13E1DB0-88B3-4D32-3693-43B51B4548BB}"
EndProject
Project("{FAE04EC0-301F-11D3-BF4B-00C04F79EFBC}") = "UnityEngine.TestRunner", "UnityEngine.TestRunner.Player.csproj", "{C2004A1E-CD9A-8E43-CF1E-7B605198A9C6}"
EndProject
Project("{FAE04EC0-301F-11D3-BF4B-00C04F79EFBC}") = "Unity.Mathematics", "Unity.Mathematics.Player.csproj", "{5B983222-ED60-D685-8315-216D6C1B9C17}"
EndProject
Project("{FAE04EC0-301F-11D3-BF4B-00C04F79EFBC}") = "Unity.2D.Animation.Triangle.Runtime", "Unity.2D.Animation.Triangle.Runtime.Player.csproj", "{96E8881F-8816-BEF8-627E-CEA7A3C55313}"
EndProject
Project("{FAE04EC0-301F-11D3-BF4B-00C04F79EFBC}") = "Unity.Timeline", "Unity.Timeline.Player.csproj", "{546EB9EF-AA1F-41AF-89CE-F20E78811BB7}"
EndProject
Project("{FAE04EC0-301F-11D3-BF4B-00C04F79EFBC}") = "UnityEngine.UI", "UnityEngine.UI.Player.csproj", "{D703C35D-A4C9-CC5D-3F42-56051B28AB41}"
EndProject
Project("{FAE04EC0-301F-11D3-BF4B-00C04F79EFBC}") = "Cinemachine", "Cinemachine.Player.csproj", "{02E77980-5A26-146F-477C-078CC2F1873E}"
EndProject
Project("{FAE04EC0-301F-11D3-BF4B-00C04F79EFBC}") = "Unity.TextMeshPro", "Unity.TextMeshPro.Player.csproj", "{22A9C38E-FC71-B089-0E1B-32B729D085B8}"
EndProject
Project("{FAE04EC0-301F-11D3-BF4B-00C04F79EFBC}") = "Unity.2D.Animation.Runtime", "Unity.2D.Animation.Runtime.Player.csproj", "{C76D23E4-7543-EC41-23A5-EEB5F0F89EFF}"
EndProject
Project("{FAE04EC0-301F-11D3-BF4B-00C04F79EFBC}") = "Unity.2D.IK.Runtime", "Unity.2D.IK.Runtime.Player.csproj", "{84160DC8-8B9A-E9A5-83A7-6ECBB26D3373}"
EndProject
Project("{FAE04EC0-301F-11D3-BF4B-00C04F79EFBC}") = "Unity.2D.SpriteShape.Runtime", "Unity.2D.SpriteShape.Runtime.Player.csproj", "{2AE405B9-23BC-8D91-2137-C4E472A6AB3E}"
EndProject
Project("{FAE04EC0-301F-11D3-BF4B-00C04F79EFBC}") = "Unity.2D.PixelPerfect", "Unity.2D.PixelPerfect.Player.csproj", "{3BA06863-6B6C-CC2F-6CDE-862D6C093742}"
EndProject
Project("{FAE04EC0-301F-11D3-BF4B-00C04F79EFBC}") = "Assembly-CSharp", "Assembly-CSharp.Player.csproj", "{3FFC05D3-FC1B-2EEB-9DD1-C48CD13A5F40}"
EndProject
Project("{FAE04EC0-301F-11D3-BF4B-00C04F79EFBC}") = "Unity.2D.Common.Runtime", "Unity.2D.Common.Runtime.Player.csproj", "{40B3F454-AA0F-8832-E91F-2181ECCFEFEF}"
EndProject
Project("{FAE04EC0-301F-11D3-BF4B-00C04F79EFBC}") = "Unity.InternalAPIEngineBridge.001", "Unity.InternalAPIEngineBridge.001.Player.csproj", "{9B11068F-67CD-7585-DAB3-F7E053017BD5}"
EndProject
Global
	GlobalSection(SolutionConfigurationPlatforms) = preSolution
		Debug|Any CPU = Debug|Any CPU
		Release|Any CPU = Release|Any CPU
	EndGlobalSection
	GlobalSection(ProjectConfigurationPlatforms) = postSolution
		{417BA59F-4F36-C014-8AE9-8E8329932FA7}.Debug|Any CPU.ActiveCfg = Debug|Any CPU
		{417BA59F-4F36-C014-8AE9-8E8329932FA7}.Debug|Any CPU.Build.0 = Debug|Any CPU
		{417BA59F-4F36-C014-8AE9-8E8329932FA7}.Release|Any CPU.ActiveCfg = Release|Any CPU
		{417BA59F-4F36-C014-8AE9-8E8329932FA7}.Release|Any CPU.Build.0 = Release|Any CPU
		{09C6FBFF-B872-26BE-F544-4F4E758B4C92}.Debug|Any CPU.ActiveCfg = Debug|Any CPU
		{09C6FBFF-B872-26BE-F544-4F4E758B4C92}.Debug|Any CPU.Build.0 = Debug|Any CPU
		{09C6FBFF-B872-26BE-F544-4F4E758B4C92}.Release|Any CPU.ActiveCfg = Release|Any CPU
		{09C6FBFF-B872-26BE-F544-4F4E758B4C92}.Release|Any CPU.Build.0 = Release|Any CPU
		{547C521A-72DB-C215-690F-996429B350F5}.Debug|Any CPU.ActiveCfg = Debug|Any CPU
		{547C521A-72DB-C215-690F-996429B350F5}.Debug|Any CPU.Build.0 = Debug|Any CPU
		{547C521A-72DB-C215-690F-996429B350F5}.Release|Any CPU.ActiveCfg = Release|Any CPU
		{547C521A-72DB-C215-690F-996429B350F5}.Release|Any CPU.Build.0 = Release|Any CPU
		{27B8FE8F-2760-7823-8465-19A563A27A94}.Debug|Any CPU.ActiveCfg = Debug|Any CPU
		{27B8FE8F-2760-7823-8465-19A563A27A94}.Debug|Any CPU.Build.0 = Debug|Any CPU
		{27B8FE8F-2760-7823-8465-19A563A27A94}.Release|Any CPU.ActiveCfg = Release|Any CPU
		{27B8FE8F-2760-7823-8465-19A563A27A94}.Release|Any CPU.Build.0 = Release|Any CPU
		{9DFFF5AA-E37B-F9D3-EFBB-74B0AE358502}.Debug|Any CPU.ActiveCfg = Debug|Any CPU
		{9DFFF5AA-E37B-F9D3-EFBB-74B0AE358502}.Debug|Any CPU.Build.0 = Debug|Any CPU
		{9DFFF5AA-E37B-F9D3-EFBB-74B0AE358502}.Release|Any CPU.ActiveCfg = Release|Any CPU
		{9DFFF5AA-E37B-F9D3-EFBB-74B0AE358502}.Release|Any CPU.Build.0 = Release|Any CPU
		{D1B8793F-645F-9A7B-CEB6-E22C8BFB0F26}.Debug|Any CPU.ActiveCfg = Debug|Any CPU
		{D1B8793F-645F-9A7B-CEB6-E22C8BFB0F26}.Debug|Any CPU.Build.0 = Debug|Any CPU
		{D1B8793F-645F-9A7B-CEB6-E22C8BFB0F26}.Release|Any CPU.ActiveCfg = Release|Any CPU
		{D1B8793F-645F-9A7B-CEB6-E22C8BFB0F26}.Release|Any CPU.Build.0 = Release|Any CPU
		{80E15F12-D8FB-23F7-DDAA-3485CF57C186}.Debug|Any CPU.ActiveCfg = Debug|Any CPU
		{80E15F12-D8FB-23F7-DDAA-3485CF57C186}.Debug|Any CPU.Build.0 = Debug|Any CPU
		{80E15F12-D8FB-23F7-DDAA-3485CF57C186}.Release|Any CPU.ActiveCfg = Release|Any CPU
		{80E15F12-D8FB-23F7-DDAA-3485CF57C186}.Release|Any CPU.Build.0 = Release|Any CPU
		{21E14A4A-6C56-3092-F15D-57FE7C1B07AE}.Debug|Any CPU.ActiveCfg = Debug|Any CPU
		{21E14A4A-6C56-3092-F15D-57FE7C1B07AE}.Debug|Any CPU.Build.0 = Debug|Any CPU
		{21E14A4A-6C56-3092-F15D-57FE7C1B07AE}.Release|Any CPU.ActiveCfg = Release|Any CPU
		{21E14A4A-6C56-3092-F15D-57FE7C1B07AE}.Release|Any CPU.Build.0 = Release|Any CPU
		{1678F164-1A93-AD2C-E05D-EBF23C4D5559}.Debug|Any CPU.ActiveCfg = Debug|Any CPU
		{1678F164-1A93-AD2C-E05D-EBF23C4D5559}.Debug|Any CPU.Build.0 = Debug|Any CPU
		{1678F164-1A93-AD2C-E05D-EBF23C4D5559}.Release|Any CPU.ActiveCfg = Release|Any CPU
		{1678F164-1A93-AD2C-E05D-EBF23C4D5559}.Release|Any CPU.Build.0 = Release|Any CPU
		{20CB4A3C-FC82-BD93-818A-06D2F002CACF}.Debug|Any CPU.ActiveCfg = Debug|Any CPU
		{20CB4A3C-FC82-BD93-818A-06D2F002CACF}.Debug|Any CPU.Build.0 = Debug|Any CPU
		{20CB4A3C-FC82-BD93-818A-06D2F002CACF}.Release|Any CPU.ActiveCfg = Release|Any CPU
		{20CB4A3C-FC82-BD93-818A-06D2F002CACF}.Release|Any CPU.Build.0 = Release|Any CPU
		{12E2A086-7C13-BC5F-DE5A-248F24B03BC4}.Debug|Any CPU.ActiveCfg = Debug|Any CPU
		{12E2A086-7C13-BC5F-DE5A-248F24B03BC4}.Debug|Any CPU.Build.0 = Debug|Any CPU
		{12E2A086-7C13-BC5F-DE5A-248F24B03BC4}.Release|Any CPU.ActiveCfg = Release|Any CPU
		{12E2A086-7C13-BC5F-DE5A-248F24B03BC4}.Release|Any CPU.Build.0 = Release|Any CPU
		{E708CA96-1DAA-8B84-9297-EC9E839E4631}.Debug|Any CPU.ActiveCfg = Debug|Any CPU
		{E708CA96-1DAA-8B84-9297-EC9E839E4631}.Debug|Any CPU.Build.0 = Debug|Any CPU
		{E708CA96-1DAA-8B84-9297-EC9E839E4631}.Release|Any CPU.ActiveCfg = Release|Any CPU
		{E708CA96-1DAA-8B84-9297-EC9E839E4631}.Release|Any CPU.Build.0 = Release|Any CPU
		{1B720FF6-6FBD-0BEB-2B8F-79B1CBC89EFD}.Debug|Any CPU.ActiveCfg = Debug|Any CPU
		{1B720FF6-6FBD-0BEB-2B8F-79B1CBC89EFD}.Debug|Any CPU.Build.0 = Debug|Any CPU
		{1B720FF6-6FBD-0BEB-2B8F-79B1CBC89EFD}.Release|Any CPU.ActiveCfg = Release|Any CPU
		{1B720FF6-6FBD-0BEB-2B8F-79B1CBC89EFD}.Release|Any CPU.Build.0 = Release|Any CPU
		{7BCC6B42-4A3C-BDB4-3393-5997B0555293}.Debug|Any CPU.ActiveCfg = Debug|Any CPU
		{7BCC6B42-4A3C-BDB4-3393-5997B0555293}.Debug|Any CPU.Build.0 = Debug|Any CPU
		{7BCC6B42-4A3C-BDB4-3393-5997B0555293}.Release|Any CPU.ActiveCfg = Release|Any CPU
		{7BCC6B42-4A3C-BDB4-3393-5997B0555293}.Release|Any CPU.Build.0 = Release|Any CPU
		{1C52E339-2EDA-F5FB-C9C4-7147219531B2}.Debug|Any CPU.ActiveCfg = Debug|Any CPU
		{1C52E339-2EDA-F5FB-C9C4-7147219531B2}.Debug|Any CPU.Build.0 = Debug|Any CPU
		{1C52E339-2EDA-F5FB-C9C4-7147219531B2}.Release|Any CPU.ActiveCfg = Release|Any CPU
		{1C52E339-2EDA-F5FB-C9C4-7147219531B2}.Release|Any CPU.Build.0 = Release|Any CPU
		{26D70481-80F1-E354-6AAA-D5F6A60F499D}.Debug|Any CPU.ActiveCfg = Debug|Any CPU
		{26D70481-80F1-E354-6AAA-D5F6A60F499D}.Debug|Any CPU.Build.0 = Debug|Any CPU
		{26D70481-80F1-E354-6AAA-D5F6A60F499D}.Release|Any CPU.ActiveCfg = Release|Any CPU
		{26D70481-80F1-E354-6AAA-D5F6A60F499D}.Release|Any CPU.Build.0 = Release|Any CPU
		{8A969BAA-6158-BA1A-E95D-4F6A390A2D1A}.Debug|Any CPU.ActiveCfg = Debug|Any CPU
		{8A969BAA-6158-BA1A-E95D-4F6A390A2D1A}.Debug|Any CPU.Build.0 = Debug|Any CPU
		{8A969BAA-6158-BA1A-E95D-4F6A390A2D1A}.Release|Any CPU.ActiveCfg = Release|Any CPU
		{8A969BAA-6158-BA1A-E95D-4F6A390A2D1A}.Release|Any CPU.Build.0 = Release|Any CPU
		{390528F9-A4F3-3801-8C22-15C7AE34C441}.Debug|Any CPU.ActiveCfg = Debug|Any CPU
		{390528F9-A4F3-3801-8C22-15C7AE34C441}.Debug|Any CPU.Build.0 = Debug|Any CPU
		{390528F9-A4F3-3801-8C22-15C7AE34C441}.Release|Any CPU.ActiveCfg = Release|Any CPU
		{390528F9-A4F3-3801-8C22-15C7AE34C441}.Release|Any CPU.Build.0 = Release|Any CPU
		{4B979923-6218-F2EA-9711-BC20D38800C0}.Debug|Any CPU.ActiveCfg = Debug|Any CPU
		{4B979923-6218-F2EA-9711-BC20D38800C0}.Debug|Any CPU.Build.0 = Debug|Any CPU
		{4B979923-6218-F2EA-9711-BC20D38800C0}.Release|Any CPU.ActiveCfg = Release|Any CPU
		{4B979923-6218-F2EA-9711-BC20D38800C0}.Release|Any CPU.Build.0 = Release|Any CPU
		{043FE1EC-F2FC-53A4-EE70-49842B2B40F8}.Debug|Any CPU.ActiveCfg = Debug|Any CPU
		{043FE1EC-F2FC-53A4-EE70-49842B2B40F8}.Debug|Any CPU.Build.0 = Debug|Any CPU
		{043FE1EC-F2FC-53A4-EE70-49842B2B40F8}.Release|Any CPU.ActiveCfg = Release|Any CPU
		{043FE1EC-F2FC-53A4-EE70-49842B2B40F8}.Release|Any CPU.Build.0 = Release|Any CPU
		{2D029E8C-5530-FD72-27A4-54D4880F4940}.Debug|Any CPU.ActiveCfg = Debug|Any CPU
		{2D029E8C-5530-FD72-27A4-54D4880F4940}.Debug|Any CPU.Build.0 = Debug|Any CPU
		{2D029E8C-5530-FD72-27A4-54D4880F4940}.Release|Any CPU.ActiveCfg = Release|Any CPU
		{2D029E8C-5530-FD72-27A4-54D4880F4940}.Release|Any CPU.Build.0 = Release|Any CPU
		{45570EA1-4AF9-38E0-AE6A-F603FB7422E1}.Debug|Any CPU.ActiveCfg = Debug|Any CPU
		{45570EA1-4AF9-38E0-AE6A-F603FB7422E1}.Debug|Any CPU.Build.0 = Debug|Any CPU
		{45570EA1-4AF9-38E0-AE6A-F603FB7422E1}.Release|Any CPU.ActiveCfg = Release|Any CPU
		{45570EA1-4AF9-38E0-AE6A-F603FB7422E1}.Release|Any CPU.Build.0 = Release|Any CPU
		{43FB8172-D73B-DBEF-9D39-F08483B6D994}.Debug|Any CPU.ActiveCfg = Debug|Any CPU
		{43FB8172-D73B-DBEF-9D39-F08483B6D994}.Debug|Any CPU.Build.0 = Debug|Any CPU
		{43FB8172-D73B-DBEF-9D39-F08483B6D994}.Release|Any CPU.ActiveCfg = Release|Any CPU
		{43FB8172-D73B-DBEF-9D39-F08483B6D994}.Release|Any CPU.Build.0 = Release|Any CPU
		{EB69BC31-4F93-BBD1-72DC-4C145330AE6B}.Debug|Any CPU.ActiveCfg = Debug|Any CPU
		{EB69BC31-4F93-BBD1-72DC-4C145330AE6B}.Debug|Any CPU.Build.0 = Debug|Any CPU
		{EB69BC31-4F93-BBD1-72DC-4C145330AE6B}.Release|Any CPU.ActiveCfg = Release|Any CPU
		{EB69BC31-4F93-BBD1-72DC-4C145330AE6B}.Release|Any CPU.Build.0 = Release|Any CPU
		{A8BEABA5-A11C-81C6-CD9C-77DEBAC760A3}.Debug|Any CPU.ActiveCfg = Debug|Any CPU
		{A8BEABA5-A11C-81C6-CD9C-77DEBAC760A3}.Debug|Any CPU.Build.0 = Debug|Any CPU
		{A8BEABA5-A11C-81C6-CD9C-77DEBAC760A3}.Release|Any CPU.ActiveCfg = Release|Any CPU
		{A8BEABA5-A11C-81C6-CD9C-77DEBAC760A3}.Release|Any CPU.Build.0 = Release|Any CPU
		{8ED64603-6B41-92D5-D4BF-034369AEEDF0}.Debug|Any CPU.ActiveCfg = Debug|Any CPU
		{8ED64603-6B41-92D5-D4BF-034369AEEDF0}.Debug|Any CPU.Build.0 = Debug|Any CPU
		{8ED64603-6B41-92D5-D4BF-034369AEEDF0}.Release|Any CPU.ActiveCfg = Release|Any CPU
		{8ED64603-6B41-92D5-D4BF-034369AEEDF0}.Release|Any CPU.Build.0 = Release|Any CPU
		{64560D0F-0D3C-89EC-A2DF-A929CE5C5367}.Debug|Any CPU.ActiveCfg = Debug|Any CPU
		{64560D0F-0D3C-89EC-A2DF-A929CE5C5367}.Debug|Any CPU.Build.0 = Debug|Any CPU
		{64560D0F-0D3C-89EC-A2DF-A929CE5C5367}.Release|Any CPU.ActiveCfg = Release|Any CPU
		{64560D0F-0D3C-89EC-A2DF-A929CE5C5367}.Release|Any CPU.Build.0 = Release|Any CPU
		{2559DD71-25A5-A449-9D85-0F9A57D513FB}.Debug|Any CPU.ActiveCfg = Debug|Any CPU
		{2559DD71-25A5-A449-9D85-0F9A57D513FB}.Debug|Any CPU.Build.0 = Debug|Any CPU
		{2559DD71-25A5-A449-9D85-0F9A57D513FB}.Release|Any CPU.ActiveCfg = Release|Any CPU
		{2559DD71-25A5-A449-9D85-0F9A57D513FB}.Release|Any CPU.Build.0 = Release|Any CPU
		{A9191A13-DFDC-2002-3E20-3C272C727B25}.Debug|Any CPU.ActiveCfg = Debug|Any CPU
		{A9191A13-DFDC-2002-3E20-3C272C727B25}.Debug|Any CPU.Build.0 = Debug|Any CPU
		{A9191A13-DFDC-2002-3E20-3C272C727B25}.Release|Any CPU.ActiveCfg = Release|Any CPU
		{A9191A13-DFDC-2002-3E20-3C272C727B25}.Release|Any CPU.Build.0 = Release|Any CPU
		{CDCA902F-428F-ACEE-908F-C49B7AC02EC9}.Debug|Any CPU.ActiveCfg = Debug|Any CPU
		{CDCA902F-428F-ACEE-908F-C49B7AC02EC9}.Debug|Any CPU.Build.0 = Debug|Any CPU
		{CDCA902F-428F-ACEE-908F-C49B7AC02EC9}.Release|Any CPU.ActiveCfg = Release|Any CPU
		{CDCA902F-428F-ACEE-908F-C49B7AC02EC9}.Release|Any CPU.Build.0 = Release|Any CPU
		{146AA9D2-3191-40CC-0FFE-96C6183C4146}.Debug|Any CPU.ActiveCfg = Debug|Any CPU
		{146AA9D2-3191-40CC-0FFE-96C6183C4146}.Debug|Any CPU.Build.0 = Debug|Any CPU
		{146AA9D2-3191-40CC-0FFE-96C6183C4146}.Release|Any CPU.ActiveCfg = Release|Any CPU
		{146AA9D2-3191-40CC-0FFE-96C6183C4146}.Release|Any CPU.Build.0 = Release|Any CPU
		{E90953A8-969C-66FE-B8AE-18006331769D}.Debug|Any CPU.ActiveCfg = Debug|Any CPU
		{E90953A8-969C-66FE-B8AE-18006331769D}.Debug|Any CPU.Build.0 = Debug|Any CPU
		{E90953A8-969C-66FE-B8AE-18006331769D}.Release|Any CPU.ActiveCfg = Release|Any CPU
		{E90953A8-969C-66FE-B8AE-18006331769D}.Release|Any CPU.Build.0 = Release|Any CPU
		{D9591AFF-BFB5-216C-15A6-90B81E42CC81}.Debug|Any CPU.ActiveCfg = Debug|Any CPU
		{D9591AFF-BFB5-216C-15A6-90B81E42CC81}.Debug|Any CPU.Build.0 = Debug|Any CPU
		{D9591AFF-BFB5-216C-15A6-90B81E42CC81}.Release|Any CPU.ActiveCfg = Release|Any CPU
		{D9591AFF-BFB5-216C-15A6-90B81E42CC81}.Release|Any CPU.Build.0 = Release|Any CPU
		{8F9E95BF-FD58-50EB-C6C3-70773E0EF854}.Debug|Any CPU.ActiveCfg = Debug|Any CPU
		{8F9E95BF-FD58-50EB-C6C3-70773E0EF854}.Debug|Any CPU.Build.0 = Debug|Any CPU
		{8F9E95BF-FD58-50EB-C6C3-70773E0EF854}.Release|Any CPU.ActiveCfg = Release|Any CPU
		{8F9E95BF-FD58-50EB-C6C3-70773E0EF854}.Release|Any CPU.Build.0 = Release|Any CPU
		{55394319-B0E4-3343-E5E3-EE437F5649BF}.Debug|Any CPU.ActiveCfg = Debug|Any CPU
		{55394319-B0E4-3343-E5E3-EE437F5649BF}.Debug|Any CPU.Build.0 = Debug|Any CPU
		{55394319-B0E4-3343-E5E3-EE437F5649BF}.Release|Any CPU.ActiveCfg = Release|Any CPU
		{55394319-B0E4-3343-E5E3-EE437F5649BF}.Release|Any CPU.Build.0 = Release|Any CPU
		{EA403D8B-276D-24EF-CAAC-49C4EB985FE5}.Debug|Any CPU.ActiveCfg = Debug|Any CPU
		{EA403D8B-276D-24EF-CAAC-49C4EB985FE5}.Debug|Any CPU.Build.0 = Debug|Any CPU
		{EA403D8B-276D-24EF-CAAC-49C4EB985FE5}.Release|Any CPU.ActiveCfg = Release|Any CPU
		{EA403D8B-276D-24EF-CAAC-49C4EB985FE5}.Release|Any CPU.Build.0 = Release|Any CPU
		{3266EB66-5575-CE77-1FEB-AD85591B3D8F}.Debug|Any CPU.ActiveCfg = Debug|Any CPU
		{3266EB66-5575-CE77-1FEB-AD85591B3D8F}.Debug|Any CPU.Build.0 = Debug|Any CPU
		{3266EB66-5575-CE77-1FEB-AD85591B3D8F}.Release|Any CPU.ActiveCfg = Release|Any CPU
		{3266EB66-5575-CE77-1FEB-AD85591B3D8F}.Release|Any CPU.Build.0 = Release|Any CPU
		{F13E1DB0-88B3-4D32-3693-43B51B4548BB}.Debug|Any CPU.ActiveCfg = Debug|Any CPU
		{F13E1DB0-88B3-4D32-3693-43B51B4548BB}.Debug|Any CPU.Build.0 = Debug|Any CPU
		{F13E1DB0-88B3-4D32-3693-43B51B4548BB}.Release|Any CPU.ActiveCfg = Release|Any CPU
		{F13E1DB0-88B3-4D32-3693-43B51B4548BB}.Release|Any CPU.Build.0 = Release|Any CPU
		{C2004A1E-CD9A-8E43-CF1E-7B605198A9C6}.Debug|Any CPU.ActiveCfg = Debug|Any CPU
		{C2004A1E-CD9A-8E43-CF1E-7B605198A9C6}.Debug|Any CPU.Build.0 = Debug|Any CPU
		{C2004A1E-CD9A-8E43-CF1E-7B605198A9C6}.Release|Any CPU.ActiveCfg = Release|Any CPU
		{C2004A1E-CD9A-8E43-CF1E-7B605198A9C6}.Release|Any CPU.Build.0 = Release|Any CPU
		{5B983222-ED60-D685-8315-216D6C1B9C17}.Debug|Any CPU.ActiveCfg = Debug|Any CPU
		{5B983222-ED60-D685-8315-216D6C1B9C17}.Debug|Any CPU.Build.0 = Debug|Any CPU
		{5B983222-ED60-D685-8315-216D6C1B9C17}.Release|Any CPU.ActiveCfg = Release|Any CPU
		{5B983222-ED60-D685-8315-216D6C1B9C17}.Release|Any CPU.Build.0 = Release|Any CPU
		{96E8881F-8816-BEF8-627E-CEA7A3C55313}.Debug|Any CPU.ActiveCfg = Debug|Any CPU
		{96E8881F-8816-BEF8-627E-CEA7A3C55313}.Debug|Any CPU.Build.0 = Debug|Any CPU
		{96E8881F-8816-BEF8-627E-CEA7A3C55313}.Release|Any CPU.ActiveCfg = Release|Any CPU
		{96E8881F-8816-BEF8-627E-CEA7A3C55313}.Release|Any CPU.Build.0 = Release|Any CPU
		{546EB9EF-AA1F-41AF-89CE-F20E78811BB7}.Debug|Any CPU.ActiveCfg = Debug|Any CPU
		{546EB9EF-AA1F-41AF-89CE-F20E78811BB7}.Debug|Any CPU.Build.0 = Debug|Any CPU
		{546EB9EF-AA1F-41AF-89CE-F20E78811BB7}.Release|Any CPU.ActiveCfg = Release|Any CPU
		{546EB9EF-AA1F-41AF-89CE-F20E78811BB7}.Release|Any CPU.Build.0 = Release|Any CPU
		{D703C35D-A4C9-CC5D-3F42-56051B28AB41}.Debug|Any CPU.ActiveCfg = Debug|Any CPU
		{D703C35D-A4C9-CC5D-3F42-56051B28AB41}.Debug|Any CPU.Build.0 = Debug|Any CPU
		{D703C35D-A4C9-CC5D-3F42-56051B28AB41}.Release|Any CPU.ActiveCfg = Release|Any CPU
		{D703C35D-A4C9-CC5D-3F42-56051B28AB41}.Release|Any CPU.Build.0 = Release|Any CPU
		{02E77980-5A26-146F-477C-078CC2F1873E}.Debug|Any CPU.ActiveCfg = Debug|Any CPU
		{02E77980-5A26-146F-477C-078CC2F1873E}.Debug|Any CPU.Build.0 = Debug|Any CPU
		{02E77980-5A26-146F-477C-078CC2F1873E}.Release|Any CPU.ActiveCfg = Release|Any CPU
		{02E77980-5A26-146F-477C-078CC2F1873E}.Release|Any CPU.Build.0 = Release|Any CPU
		{22A9C38E-FC71-B089-0E1B-32B729D085B8}.Debug|Any CPU.ActiveCfg = Debug|Any CPU
		{22A9C38E-FC71-B089-0E1B-32B729D085B8}.Debug|Any CPU.Build.0 = Debug|Any CPU
		{22A9C38E-FC71-B089-0E1B-32B729D085B8}.Release|Any CPU.ActiveCfg = Release|Any CPU
		{22A9C38E-FC71-B089-0E1B-32B729D085B8}.Release|Any CPU.Build.0 = Release|Any CPU
		{C76D23E4-7543-EC41-23A5-EEB5F0F89EFF}.Debug|Any CPU.ActiveCfg = Debug|Any CPU
		{C76D23E4-7543-EC41-23A5-EEB5F0F89EFF}.Debug|Any CPU.Build.0 = Debug|Any CPU
		{C76D23E4-7543-EC41-23A5-EEB5F0F89EFF}.Release|Any CPU.ActiveCfg = Release|Any CPU
		{C76D23E4-7543-EC41-23A5-EEB5F0F89EFF}.Release|Any CPU.Build.0 = Release|Any CPU
		{84160DC8-8B9A-E9A5-83A7-6ECBB26D3373}.Debug|Any CPU.ActiveCfg = Debug|Any CPU
		{84160DC8-8B9A-E9A5-83A7-6ECBB26D3373}.Debug|Any CPU.Build.0 = Debug|Any CPU
		{84160DC8-8B9A-E9A5-83A7-6ECBB26D3373}.Release|Any CPU.ActiveCfg = Release|Any CPU
		{84160DC8-8B9A-E9A5-83A7-6ECBB26D3373}.Release|Any CPU.Build.0 = Release|Any CPU
		{2AE405B9-23BC-8D91-2137-C4E472A6AB3E}.Debug|Any CPU.ActiveCfg = Debug|Any CPU
		{2AE405B9-23BC-8D91-2137-C4E472A6AB3E}.Debug|Any CPU.Build.0 = Debug|Any CPU
		{2AE405B9-23BC-8D91-2137-C4E472A6AB3E}.Release|Any CPU.ActiveCfg = Release|Any CPU
		{2AE405B9-23BC-8D91-2137-C4E472A6AB3E}.Release|Any CPU.Build.0 = Release|Any CPU
		{3BA06863-6B6C-CC2F-6CDE-862D6C093742}.Debug|Any CPU.ActiveCfg = Debug|Any CPU
		{3BA06863-6B6C-CC2F-6CDE-862D6C093742}.Debug|Any CPU.Build.0 = Debug|Any CPU
		{3BA06863-6B6C-CC2F-6CDE-862D6C093742}.Release|Any CPU.ActiveCfg = Release|Any CPU
		{3BA06863-6B6C-CC2F-6CDE-862D6C093742}.Release|Any CPU.Build.0 = Release|Any CPU
		{3FFC05D3-FC1B-2EEB-9DD1-C48CD13A5F40}.Debug|Any CPU.ActiveCfg = Debug|Any CPU
		{3FFC05D3-FC1B-2EEB-9DD1-C48CD13A5F40}.Debug|Any CPU.Build.0 = Debug|Any CPU
		{3FFC05D3-FC1B-2EEB-9DD1-C48CD13A5F40}.Release|Any CPU.ActiveCfg = Release|Any CPU
		{3FFC05D3-FC1B-2EEB-9DD1-C48CD13A5F40}.Release|Any CPU.Build.0 = Release|Any CPU
		{40B3F454-AA0F-8832-E91F-2181ECCFEFEF}.Debug|Any CPU.ActiveCfg = Debug|Any CPU
		{40B3F454-AA0F-8832-E91F-2181ECCFEFEF}.Debug|Any CPU.Build.0 = Debug|Any CPU
		{40B3F454-AA0F-8832-E91F-2181ECCFEFEF}.Release|Any CPU.ActiveCfg = Release|Any CPU
		{40B3F454-AA0F-8832-E91F-2181ECCFEFEF}.Release|Any CPU.Build.0 = Release|Any CPU
		{9B11068F-67CD-7585-DAB3-F7E053017BD5}.Debug|Any CPU.ActiveCfg = Debug|Any CPU
		{9B11068F-67CD-7585-DAB3-F7E053017BD5}.Debug|Any CPU.Build.0 = Debug|Any CPU
		{9B11068F-67CD-7585-DAB3-F7E053017BD5}.Release|Any CPU.ActiveCfg = Release|Any CPU
		{9B11068F-67CD-7585-DAB3-F7E053017BD5}.Release|Any CPU.Build.0 = Release|Any CPU
	EndGlobalSection
	GlobalSection(SolutionProperties) = preSolution
		HideSolutionNode = FALSE
	EndGlobalSection
EndGlobal
